
Microsoft Visual Studio Solution File, Format Version 12.00
# Visual Studio Version 17
VisualStudioVersion = 17.0.31710.8
MinimumVisualStudioVersion = 10.0.40219.1
Project("{F184B08F-C81C-45F6-A57F-5ABD9991F28F}") = "Battle Ships", "Battle Ships\Battle Ships.vbproj", "{78573785-A46B-44CA-A677-78724EC4E7AD}"
EndProject
Global
	GlobalSection(SolutionConfigurationPlatforms) = preSolution
		Debug|Any CPU = Debug|Any CPU
		Release|Any CPU = Release|Any CPU
	EndGlobalSection
	GlobalSection(ProjectConfigurationPlatforms) = postSolution
		{78573785-A46B-44CA-A677-78724EC4E7AD}.Debug|Any CPU.ActiveCfg = Debug|Any CPU
		{78573785-A46B-44CA-A677-78724EC4E7AD}.Debug|Any CPU.Build.0 = Debug|Any CPU
		{78573785-A46B-44CA-A677-78724EC4E7AD}.Release|Any CPU.ActiveCfg = Release|Any CPU
		{78573785-A46B-44CA-A677-78724EC4E7AD}.Release|Any CPU.Build.0 = Release|Any CPU
	EndGlobalSection
	GlobalSection(SolutionProperties) = preSolution
		HideSolutionNode = FALSE
	EndGlobalSection
	GlobalSection(ExtensibilityGlobals) = postSolution
		SolutionGuid = {96252084-811E-4C77-8CDA-57B0E5DE5283}
	EndGlobalSection
EndGlobal
